// !$*UTF8*$!
{
	archiveVersion = 1;
	classes = {
	};
	objectVersion = 56;
	objects = {

/* Begin PBXBuildFile section */
		4857A8B32C79674E00BC8F0D /* SelectStoreViewController.swift in Sources */ = {isa = PBXBuildFile; fileRef = 4857A8B22C79674E00BC8F0D /* SelectStoreViewController.swift */; };
		4857A8B62C79746600BC8F0D /* SelectStoreTableViewCell.swift in Sources */ = {isa = PBXBuildFile; fileRef = 4857A8B52C79746600BC8F0D /* SelectStoreTableViewCell.swift */; };
		4857A8B82C7978AD00BC8F0D /* SelectStoreViewModel.swift in Sources */ = {isa = PBXBuildFile; fileRef = 4857A8B72C7978AD00BC8F0D /* SelectStoreViewModel.swift */; };
		4857A8BA2C79B58000BC8F0D /* NetworkManager.swift in Sources */ = {isa = PBXBuildFile; fileRef = 4857A8B92C79B58000BC8F0D /* NetworkManager.swift */; };
		4857A8BC2C7A0F6800BC8F0D /* LikedStoreListViewModel.swift in Sources */ = {isa = PBXBuildFile; fileRef = 4857A8BB2C7A0F6800BC8F0D /* LikedStoreListViewModel.swift */; };
		485BDF432C749E8A006DE214 /* UIImageView+.swift in Sources */ = {isa = PBXBuildFile; fileRef = 485BDF422C749E8A006DE214 /* UIImageView+.swift */; };
		485BDF452C74CD50006DE214 /* AuthInterceptor.swift in Sources */ = {isa = PBXBuildFile; fileRef = 485BDF442C74CD50006DE214 /* AuthInterceptor.swift */; };
		485BDF472C74D735006DE214 /* UserRouter.swift in Sources */ = {isa = PBXBuildFile; fileRef = 485BDF462C74D735006DE214 /* UserRouter.swift */; };
		485BDF492C74D8C6006DE214 /* PostRouter.swift in Sources */ = {isa = PBXBuildFile; fileRef = 485BDF482C74D8C6006DE214 /* PostRouter.swift */; };
		485BDF4B2C74E095006DE214 /* UserNetworkManager.swift in Sources */ = {isa = PBXBuildFile; fileRef = 485BDF4A2C74E095006DE214 /* UserNetworkManager.swift */; };
		485BDF672C75ADAC006DE214 /* MapViewController.swift in Sources */ = {isa = PBXBuildFile; fileRef = 485BDF662C75ADAC006DE214 /* MapViewController.swift */; };
		485BDF692C75ADCC006DE214 /* StoreMapMarkerViewController.swift in Sources */ = {isa = PBXBuildFile; fileRef = 485BDF682C75ADCC006DE214 /* StoreMapMarkerViewController.swift */; };
		485BDF6B2C75B6F9006DE214 /* LodPOISample.swift in Sources */ = {isa = PBXBuildFile; fileRef = 485BDF6A2C75B6F9006DE214 /* LodPOISample.swift */; };
		485BDF6F2C76143E006DE214 /* DesignSystem.swift in Sources */ = {isa = PBXBuildFile; fileRef = 485BDF6E2C76143E006DE214 /* DesignSystem.swift */; };
		485BDF712C76275F006DE214 /* StoreMapInfoView.swift in Sources */ = {isa = PBXBuildFile; fileRef = 485BDF702C76275E006DE214 /* StoreMapInfoView.swift */; };
		485BDF922C772010006DE214 /* LikeQuery.swift in Sources */ = {isa = PBXBuildFile; fileRef = 485BDF912C772010006DE214 /* LikeQuery.swift */; };
		485BDF952C7771A5006DE214 /* ProfileViewController.swift in Sources */ = {isa = PBXBuildFile; fileRef = 485BDF942C7771A5006DE214 /* ProfileViewController.swift */; };
		485BDF972C777575006DE214 /* ProfileView.swift in Sources */ = {isa = PBXBuildFile; fileRef = 485BDF962C777575006DE214 /* ProfileView.swift */; };
		485BDF992C782780006DE214 /* EditProfileViewController.swift in Sources */ = {isa = PBXBuildFile; fileRef = 485BDF982C782780006DE214 /* EditProfileViewController.swift */; };
		485BDF9B2C7827F1006DE214 /* EditPorfileView.swift in Sources */ = {isa = PBXBuildFile; fileRef = 485BDF9A2C7827F1006DE214 /* EditPorfileView.swift */; };
		485BDF9D2C7828B0006DE214 /* ProfileViewModel.swift in Sources */ = {isa = PBXBuildFile; fileRef = 485BDF9C2C7828B0006DE214 /* ProfileViewModel.swift */; };
		485BDFA02C78437F006DE214 /* CreatePostViewController.swift in Sources */ = {isa = PBXBuildFile; fileRef = 485BDF9F2C78437F006DE214 /* CreatePostViewController.swift */; };
		485BDFA22C78438C006DE214 /* CreatePostView.swift in Sources */ = {isa = PBXBuildFile; fileRef = 485BDFA12C78438C006DE214 /* CreatePostView.swift */; };
		485BDFA42C787C4B006DE214 /* CreatePostQuery.swift in Sources */ = {isa = PBXBuildFile; fileRef = 485BDFA32C787C4B006DE214 /* CreatePostQuery.swift */; };
		485BDFA62C78812E006DE214 /* CreatePostViewModel.swift in Sources */ = {isa = PBXBuildFile; fileRef = 485BDFA52C78812E006DE214 /* CreatePostViewModel.swift */; };
		48CD15872C6CA23900A7708B /* AppDelegate.swift in Sources */ = {isa = PBXBuildFile; fileRef = 48CD15862C6CA23900A7708B /* AppDelegate.swift */; };
		48CD15892C6CA23900A7708B /* SceneDelegate.swift in Sources */ = {isa = PBXBuildFile; fileRef = 48CD15882C6CA23900A7708B /* SceneDelegate.swift */; };
		48CD158B2C6CA23900A7708B /* BrowseViewController.swift in Sources */ = {isa = PBXBuildFile; fileRef = 48CD158A2C6CA23900A7708B /* BrowseViewController.swift */; };
		48CD15902C6CA23B00A7708B /* Assets.xcassets in Resources */ = {isa = PBXBuildFile; fileRef = 48CD158F2C6CA23B00A7708B /* Assets.xcassets */; };
		48CD15932C6CA23B00A7708B /* Base in Resources */ = {isa = PBXBuildFile; fileRef = 48CD15922C6CA23B00A7708B /* Base */; };
		48CD159B2C6CA34900A7708B /* .gitignore in Resources */ = {isa = PBXBuildFile; fileRef = 48CD159A2C6CA34900A7708B /* .gitignore */; };
		48CD159D2C6CA4B200A7708B /* APIKey.swift in Sources */ = {isa = PBXBuildFile; fileRef = 48CD159C2C6CA4B200A7708B /* APIKey.swift */; };
		48CD15AB2C6CAAA000A7708B /* BaseViewController.swift in Sources */ = {isa = PBXBuildFile; fileRef = 48CD15AA2C6CAAA000A7708B /* BaseViewController.swift */; };
		48CD15AD2C6CAB0200A7708B /* BaseView.swift in Sources */ = {isa = PBXBuildFile; fileRef = 48CD15AC2C6CAB0200A7708B /* BaseView.swift */; };
		48CD15AF2C6CAB2400A7708B /* BaseCollectionVIewCell.swift in Sources */ = {isa = PBXBuildFile; fileRef = 48CD15AE2C6CAB2400A7708B /* BaseCollectionVIewCell.swift */; };
		48CD15B22C6CADC700A7708B /* SignUpViewController.swift in Sources */ = {isa = PBXBuildFile; fileRef = 48CD15B12C6CADC700A7708B /* SignUpViewController.swift */; };
		48CD15B82C6CAEAB00A7708B /* LoginViewController.swift in Sources */ = {isa = PBXBuildFile; fileRef = 48CD15B72C6CAEAB00A7708B /* LoginViewController.swift */; };
		48CD15BA2C6CAEDC00A7708B /* LoginView.swift in Sources */ = {isa = PBXBuildFile; fileRef = 48CD15B92C6CAEDC00A7708B /* LoginView.swift */; };
		48CD15BD2C6CAEF200A7708B /* SnapKit in Frameworks */ = {isa = PBXBuildFile; productRef = 48CD15BC2C6CAEF200A7708B /* SnapKit */; };
		48CD15C02C6CAEFC00A7708B /* Alamofire in Frameworks */ = {isa = PBXBuildFile; productRef = 48CD15BF2C6CAEFC00A7708B /* Alamofire */; };
		48CD15C32C6CAF1300A7708B /* Kingfisher in Frameworks */ = {isa = PBXBuildFile; productRef = 48CD15C22C6CAF1300A7708B /* Kingfisher */; };
		48CD15C62C6CAF2700A7708B /* IQKeyboardManagerSwift in Frameworks */ = {isa = PBXBuildFile; productRef = 48CD15C52C6CAF2700A7708B /* IQKeyboardManagerSwift */; };
		48CD15C92C6CAF3900A7708B /* RxCocoa in Frameworks */ = {isa = PBXBuildFile; productRef = 48CD15C82C6CAF3900A7708B /* RxCocoa */; };
		48CD15CB2C6CAF3900A7708B /* RxSwift in Frameworks */ = {isa = PBXBuildFile; productRef = 48CD15CA2C6CAF3900A7708B /* RxSwift */; };
		48CD15CD2C6CB00000A7708B /* SignUpView.swift in Sources */ = {isa = PBXBuildFile; fileRef = 48CD15CC2C6CB00000A7708B /* SignUpView.swift */; };
		48CD15D02C6CB0CF00A7708B /* Header.swift in Sources */ = {isa = PBXBuildFile; fileRef = 48CD15CF2C6CB0CF00A7708B /* Header.swift */; };
		48CD15D42C6CB32F00A7708B /* LoginQuery.swift in Sources */ = {isa = PBXBuildFile; fileRef = 48CD15D32C6CB32F00A7708B /* LoginQuery.swift */; };
		48CD15D62C6CB36E00A7708B /* TargetType.swift in Sources */ = {isa = PBXBuildFile; fileRef = 48CD15D52C6CB36E00A7708B /* TargetType.swift */; };
		48CD15D82C6CB3B900A7708B /* UserDefaultsManager.swift in Sources */ = {isa = PBXBuildFile; fileRef = 48CD15D72C6CB3B900A7708B /* UserDefaultsManager.swift */; };
		48CD15DA2C6CB44600A7708B /* LoginModel.swift in Sources */ = {isa = PBXBuildFile; fileRef = 48CD15D92C6CB44600A7708B /* LoginModel.swift */; };
		48CD15DC2C6CB46E00A7708B /* ProfileModel.swift in Sources */ = {isa = PBXBuildFile; fileRef = 48CD15DB2C6CB46E00A7708B /* ProfileModel.swift */; };
		48CD15DE2C6CB48500A7708B /* RefreshModel.swift in Sources */ = {isa = PBXBuildFile; fileRef = 48CD15DD2C6CB48500A7708B /* RefreshModel.swift */; };
		48CD15E02C6CB49600A7708B /* FilesModel.swift in Sources */ = {isa = PBXBuildFile; fileRef = 48CD15DF2C6CB49600A7708B /* FilesModel.swift */; };
		48CD15E22C6CB4CC00A7708B /* PostNetworkManager.swift in Sources */ = {isa = PBXBuildFile; fileRef = 48CD15E12C6CB4CC00A7708B /* PostNetworkManager.swift */; };
		48CD15E42C6DA86500A7708B /* SignUpModel.swift in Sources */ = {isa = PBXBuildFile; fileRef = 48CD15E32C6DA86500A7708B /* SignUpModel.swift */; };
		48CD15E72C6DAE7900A7708B /* Toast in Frameworks */ = {isa = PBXBuildFile; productRef = 48CD15E62C6DAE7900A7708B /* Toast */; };
		48CD15EA2C6DC08E00A7708B /* Literal.swift in Sources */ = {isa = PBXBuildFile; fileRef = 48CD15E92C6DC08E00A7708B /* Literal.swift */; };
		48CD15EC2C6DC19C00A7708B /* TabBarController.swift in Sources */ = {isa = PBXBuildFile; fileRef = 48CD15EB2C6DC19C00A7708B /* TabBarController.swift */; };
		48CD15EE2C6DCD5000A7708B /* BrowseCollectionViewCell.swift in Sources */ = {isa = PBXBuildFile; fileRef = 48CD15ED2C6DCD5000A7708B /* BrowseCollectionViewCell.swift */; };
		48CD15F02C6DD0F200A7708B /* PostModel.swift in Sources */ = {isa = PBXBuildFile; fileRef = 48CD15EF2C6DD0F200A7708B /* PostModel.swift */; };
		48CD15F22C6EDAE400A7708B /* BrowseViewModel.swift in Sources */ = {isa = PBXBuildFile; fileRef = 48CD15F12C6EDAE400A7708B /* BrowseViewModel.swift */; };
		48CD15F42C6EDB6400A7708B /* BaseViewModel.swift in Sources */ = {isa = PBXBuildFile; fileRef = 48CD15F32C6EDB6400A7708B /* BaseViewModel.swift */; };
		48CD15F62C6EDD8400A7708B /* FetchPostQuery.swift in Sources */ = {isa = PBXBuildFile; fileRef = 48CD15F52C6EDD8400A7708B /* FetchPostQuery.swift */; };
		48CD15F92C6F5B6800A7708B /* DetailPostingViewController.swift in Sources */ = {isa = PBXBuildFile; fileRef = 48CD15F82C6F5B6800A7708B /* DetailPostingViewController.swift */; };
		48CD15FF2C6F96D300A7708B /* Differentiator in Frameworks */ = {isa = PBXBuildFile; productRef = 48CD15FE2C6F96D300A7708B /* Differentiator */; };
		48CD16012C6F96D300A7708B /* RxDataSources in Frameworks */ = {isa = PBXBuildFile; productRef = 48CD16002C6F96D300A7708B /* RxDataSources */; };
		48CD16062C704B2D00A7708B /* KakaoMapsSDK-SPM in Frameworks */ = {isa = PBXBuildFile; productRef = 48CD16052C704B2D00A7708B /* KakaoMapsSDK-SPM */; };
		48CD16092C709D9900A7708B /* MapViewModel.swift in Sources */ = {isa = PBXBuildFile; fileRef = 48CD16082C709D9900A7708B /* MapViewModel.swift */; };
		48CD160E2C70DBDE00A7708B /* DetailPostingView.swift in Sources */ = {isa = PBXBuildFile; fileRef = 48CD160D2C70DBDE00A7708B /* DetailPostingView.swift */; };
		48CD16102C70E3A000A7708B /* DetailPostingViewModel.swift in Sources */ = {isa = PBXBuildFile; fileRef = 48CD160F2C70E3A000A7708B /* DetailPostingViewModel.swift */; };
		48CD16122C70EFDC00A7708B /* DetailPostingCVCell.swift in Sources */ = {isa = PBXBuildFile; fileRef = 48CD16112C70EFDC00A7708B /* DetailPostingCVCell.swift */; };
		48CD16152C7193DD00A7708B /* String+.swift in Sources */ = {isa = PBXBuildFile; fileRef = 48CD16142C7193DD00A7708B /* String+.swift */; };
		48CD16172C71958000A7708B /* UIView+.swift in Sources */ = {isa = PBXBuildFile; fileRef = 48CD16162C71958000A7708B /* UIView+.swift */; };
		48CD161A2C7198F800A7708B /* StoreViewController.swift in Sources */ = {isa = PBXBuildFile; fileRef = 48CD16192C7198F800A7708B /* StoreViewController.swift */; };
		48CD161C2C71B3F200A7708B /* CommentLabel.swift in Sources */ = {isa = PBXBuildFile; fileRef = 48CD161B2C71B3F200A7708B /* CommentLabel.swift */; };
		48CD161E2C71CF0400A7708B /* StoreView.swift in Sources */ = {isa = PBXBuildFile; fileRef = 48CD161D2C71CF0400A7708B /* StoreView.swift */; };
		48CD16202C72048800A7708B /* StoreViewModel.swift in Sources */ = {isa = PBXBuildFile; fileRef = 48CD161F2C72048800A7708B /* StoreViewModel.swift */; };
		48CD162B2C73260D00A7708B /* StoreListViewController.swift in Sources */ = {isa = PBXBuildFile; fileRef = 48CD162A2C73260D00A7708B /* StoreListViewController.swift */; };
		48CD162F2C733ED700A7708B /* StoreListTableViewCell.swift in Sources */ = {isa = PBXBuildFile; fileRef = 48CD162E2C733ED700A7708B /* StoreListTableViewCell.swift */; };
		48CD16312C7341E400A7708B /* StoreListViewModel.swift in Sources */ = {isa = PBXBuildFile; fileRef = 48CD16302C7341E400A7708B /* StoreListViewModel.swift */; };
		48DF97682C736D28006D4BA8 /* CommentsQuery.swift in Sources */ = {isa = PBXBuildFile; fileRef = 48DF97672C736D28006D4BA8 /* CommentsQuery.swift */; };
		48DF976A2C738B83006D4BA8 /* SearchQuery.swift in Sources */ = {isa = PBXBuildFile; fileRef = 48DF97692C738B83006D4BA8 /* SearchQuery.swift */; };
		48DF976D2C749943006D4BA8 /* KingfisherManager+.swift in Sources */ = {isa = PBXBuildFile; fileRef = 48DF976C2C749943006D4BA8 /* KingfisherManager+.swift */; };
/* End PBXBuildFile section */

/* Begin PBXFileReference section */
		4857A8B22C79674E00BC8F0D /* SelectStoreViewController.swift */ = {isa = PBXFileReference; lastKnownFileType = sourcecode.swift; path = SelectStoreViewController.swift; sourceTree = "<group>"; };
		4857A8B52C79746600BC8F0D /* SelectStoreTableViewCell.swift */ = {isa = PBXFileReference; lastKnownFileType = sourcecode.swift; path = SelectStoreTableViewCell.swift; sourceTree = "<group>"; };
		4857A8B72C7978AD00BC8F0D /* SelectStoreViewModel.swift */ = {isa = PBXFileReference; lastKnownFileType = sourcecode.swift; path = SelectStoreViewModel.swift; sourceTree = "<group>"; };
		4857A8B92C79B58000BC8F0D /* NetworkManager.swift */ = {isa = PBXFileReference; lastKnownFileType = sourcecode.swift; path = NetworkManager.swift; sourceTree = "<group>"; };
		4857A8BB2C7A0F6800BC8F0D /* LikedStoreListViewModel.swift */ = {isa = PBXFileReference; lastKnownFileType = sourcecode.swift; path = LikedStoreListViewModel.swift; sourceTree = "<group>"; };
		485BDF422C749E8A006DE214 /* UIImageView+.swift */ = {isa = PBXFileReference; lastKnownFileType = sourcecode.swift; path = "UIImageView+.swift"; sourceTree = "<group>"; };
		485BDF442C74CD50006DE214 /* AuthInterceptor.swift */ = {isa = PBXFileReference; lastKnownFileType = sourcecode.swift; path = AuthInterceptor.swift; sourceTree = "<group>"; };
		485BDF462C74D735006DE214 /* UserRouter.swift */ = {isa = PBXFileReference; lastKnownFileType = sourcecode.swift; path = UserRouter.swift; sourceTree = "<group>"; };
		485BDF482C74D8C6006DE214 /* PostRouter.swift */ = {isa = PBXFileReference; lastKnownFileType = sourcecode.swift; path = PostRouter.swift; sourceTree = "<group>"; };
		485BDF4A2C74E095006DE214 /* UserNetworkManager.swift */ = {isa = PBXFileReference; lastKnownFileType = sourcecode.swift; path = UserNetworkManager.swift; sourceTree = "<group>"; };
		485BDF662C75ADAC006DE214 /* MapViewController.swift */ = {isa = PBXFileReference; lastKnownFileType = sourcecode.swift; path = MapViewController.swift; sourceTree = "<group>"; };
		485BDF682C75ADCC006DE214 /* StoreMapMarkerViewController.swift */ = {isa = PBXFileReference; lastKnownFileType = sourcecode.swift; path = StoreMapMarkerViewController.swift; sourceTree = "<group>"; };
		485BDF6A2C75B6F9006DE214 /* LodPOISample.swift */ = {isa = PBXFileReference; fileEncoding = 4; lastKnownFileType = sourcecode.swift; path = LodPOISample.swift; sourceTree = "<group>"; };
		485BDF6E2C76143E006DE214 /* DesignSystem.swift */ = {isa = PBXFileReference; lastKnownFileType = sourcecode.swift; path = DesignSystem.swift; sourceTree = "<group>"; };
		485BDF702C76275E006DE214 /* StoreMapInfoView.swift */ = {isa = PBXFileReference; lastKnownFileType = sourcecode.swift; path = StoreMapInfoView.swift; sourceTree = "<group>"; };
		485BDF912C772010006DE214 /* LikeQuery.swift */ = {isa = PBXFileReference; lastKnownFileType = sourcecode.swift; path = LikeQuery.swift; sourceTree = "<group>"; };
		485BDF942C7771A5006DE214 /* ProfileViewController.swift */ = {isa = PBXFileReference; lastKnownFileType = sourcecode.swift; path = ProfileViewController.swift; sourceTree = "<group>"; };
		485BDF962C777575006DE214 /* ProfileView.swift */ = {isa = PBXFileReference; lastKnownFileType = sourcecode.swift; path = ProfileView.swift; sourceTree = "<group>"; };
		485BDF982C782780006DE214 /* EditProfileViewController.swift */ = {isa = PBXFileReference; lastKnownFileType = sourcecode.swift; path = EditProfileViewController.swift; sourceTree = "<group>"; };
		485BDF9A2C7827F1006DE214 /* EditPorfileView.swift */ = {isa = PBXFileReference; lastKnownFileType = sourcecode.swift; path = EditPorfileView.swift; sourceTree = "<group>"; };
		485BDF9C2C7828B0006DE214 /* ProfileViewModel.swift */ = {isa = PBXFileReference; lastKnownFileType = sourcecode.swift; path = ProfileViewModel.swift; sourceTree = "<group>"; };
		485BDF9F2C78437F006DE214 /* CreatePostViewController.swift */ = {isa = PBXFileReference; lastKnownFileType = sourcecode.swift; path = CreatePostViewController.swift; sourceTree = "<group>"; };
		485BDFA12C78438C006DE214 /* CreatePostView.swift */ = {isa = PBXFileReference; lastKnownFileType = sourcecode.swift; path = CreatePostView.swift; sourceTree = "<group>"; };
		485BDFA32C787C4B006DE214 /* CreatePostQuery.swift */ = {isa = PBXFileReference; lastKnownFileType = sourcecode.swift; path = CreatePostQuery.swift; sourceTree = "<group>"; };
		485BDFA52C78812E006DE214 /* CreatePostViewModel.swift */ = {isa = PBXFileReference; lastKnownFileType = sourcecode.swift; path = CreatePostViewModel.swift; sourceTree = "<group>"; };
		48CD15832C6CA23900A7708B /* BrilliantCake.app */ = {isa = PBXFileReference; explicitFileType = wrapper.application; includeInIndex = 0; path = BrilliantCake.app; sourceTree = BUILT_PRODUCTS_DIR; };
		48CD15862C6CA23900A7708B /* AppDelegate.swift */ = {isa = PBXFileReference; lastKnownFileType = sourcecode.swift; path = AppDelegate.swift; sourceTree = "<group>"; };
		48CD15882C6CA23900A7708B /* SceneDelegate.swift */ = {isa = PBXFileReference; lastKnownFileType = sourcecode.swift; path = SceneDelegate.swift; sourceTree = "<group>"; };
		48CD158A2C6CA23900A7708B /* BrowseViewController.swift */ = {isa = PBXFileReference; lastKnownFileType = sourcecode.swift; path = BrowseViewController.swift; sourceTree = "<group>"; };
		48CD158F2C6CA23B00A7708B /* Assets.xcassets */ = {isa = PBXFileReference; lastKnownFileType = folder.assetcatalog; path = Assets.xcassets; sourceTree = "<group>"; };
		48CD15922C6CA23B00A7708B /* Base */ = {isa = PBXFileReference; lastKnownFileType = file.storyboard; name = Base; path = Base.lproj/LaunchScreen.storyboard; sourceTree = "<group>"; };
		48CD15942C6CA23B00A7708B /* Info.plist */ = {isa = PBXFileReference; lastKnownFileType = text.plist.xml; path = Info.plist; sourceTree = "<group>"; };
		48CD159A2C6CA34900A7708B /* .gitignore */ = {isa = PBXFileReference; lastKnownFileType = text; path = .gitignore; sourceTree = "<group>"; };
		48CD159C2C6CA4B200A7708B /* APIKey.swift */ = {isa = PBXFileReference; lastKnownFileType = sourcecode.swift; path = APIKey.swift; sourceTree = "<group>"; };
		48CD15AA2C6CAAA000A7708B /* BaseViewController.swift */ = {isa = PBXFileReference; lastKnownFileType = sourcecode.swift; path = BaseViewController.swift; sourceTree = "<group>"; };
		48CD15AC2C6CAB0200A7708B /* BaseView.swift */ = {isa = PBXFileReference; lastKnownFileType = sourcecode.swift; path = BaseView.swift; sourceTree = "<group>"; };
		48CD15AE2C6CAB2400A7708B /* BaseCollectionVIewCell.swift */ = {isa = PBXFileReference; lastKnownFileType = sourcecode.swift; path = BaseCollectionVIewCell.swift; sourceTree = "<group>"; };
		48CD15B12C6CADC700A7708B /* SignUpViewController.swift */ = {isa = PBXFileReference; lastKnownFileType = sourcecode.swift; path = SignUpViewController.swift; sourceTree = "<group>"; };
		48CD15B72C6CAEAB00A7708B /* LoginViewController.swift */ = {isa = PBXFileReference; lastKnownFileType = sourcecode.swift; path = LoginViewController.swift; sourceTree = "<group>"; };
		48CD15B92C6CAEDC00A7708B /* LoginView.swift */ = {isa = PBXFileReference; lastKnownFileType = sourcecode.swift; path = LoginView.swift; sourceTree = "<group>"; };
		48CD15CC2C6CB00000A7708B /* SignUpView.swift */ = {isa = PBXFileReference; lastKnownFileType = sourcecode.swift; path = SignUpView.swift; sourceTree = "<group>"; };
		48CD15CF2C6CB0CF00A7708B /* Header.swift */ = {isa = PBXFileReference; lastKnownFileType = sourcecode.swift; path = Header.swift; sourceTree = "<group>"; };
		48CD15D32C6CB32F00A7708B /* LoginQuery.swift */ = {isa = PBXFileReference; lastKnownFileType = sourcecode.swift; path = LoginQuery.swift; sourceTree = "<group>"; };
		48CD15D52C6CB36E00A7708B /* TargetType.swift */ = {isa = PBXFileReference; lastKnownFileType = sourcecode.swift; path = TargetType.swift; sourceTree = "<group>"; };
		48CD15D72C6CB3B900A7708B /* UserDefaultsManager.swift */ = {isa = PBXFileReference; lastKnownFileType = sourcecode.swift; path = UserDefaultsManager.swift; sourceTree = "<group>"; };
		48CD15D92C6CB44600A7708B /* LoginModel.swift */ = {isa = PBXFileReference; lastKnownFileType = sourcecode.swift; path = LoginModel.swift; sourceTree = "<group>"; };
		48CD15DB2C6CB46E00A7708B /* ProfileModel.swift */ = {isa = PBXFileReference; lastKnownFileType = sourcecode.swift; path = ProfileModel.swift; sourceTree = "<group>"; };
		48CD15DD2C6CB48500A7708B /* RefreshModel.swift */ = {isa = PBXFileReference; lastKnownFileType = sourcecode.swift; path = RefreshModel.swift; sourceTree = "<group>"; };
		48CD15DF2C6CB49600A7708B /* FilesModel.swift */ = {isa = PBXFileReference; lastKnownFileType = sourcecode.swift; path = FilesModel.swift; sourceTree = "<group>"; };
		48CD15E12C6CB4CC00A7708B /* PostNetworkManager.swift */ = {isa = PBXFileReference; lastKnownFileType = sourcecode.swift; path = PostNetworkManager.swift; sourceTree = "<group>"; };
		48CD15E32C6DA86500A7708B /* SignUpModel.swift */ = {isa = PBXFileReference; lastKnownFileType = sourcecode.swift; path = SignUpModel.swift; sourceTree = "<group>"; };
		48CD15E92C6DC08E00A7708B /* Literal.swift */ = {isa = PBXFileReference; lastKnownFileType = sourcecode.swift; path = Literal.swift; sourceTree = "<group>"; };
		48CD15EB2C6DC19C00A7708B /* TabBarController.swift */ = {isa = PBXFileReference; lastKnownFileType = sourcecode.swift; path = TabBarController.swift; sourceTree = "<group>"; };
		48CD15ED2C6DCD5000A7708B /* BrowseCollectionViewCell.swift */ = {isa = PBXFileReference; lastKnownFileType = sourcecode.swift; path = BrowseCollectionViewCell.swift; sourceTree = "<group>"; };
		48CD15EF2C6DD0F200A7708B /* PostModel.swift */ = {isa = PBXFileReference; lastKnownFileType = sourcecode.swift; path = PostModel.swift; sourceTree = "<group>"; };
		48CD15F12C6EDAE400A7708B /* BrowseViewModel.swift */ = {isa = PBXFileReference; lastKnownFileType = sourcecode.swift; path = BrowseViewModel.swift; sourceTree = "<group>"; };
		48CD15F32C6EDB6400A7708B /* BaseViewModel.swift */ = {isa = PBXFileReference; lastKnownFileType = sourcecode.swift; path = BaseViewModel.swift; sourceTree = "<group>"; };
		48CD15F52C6EDD8400A7708B /* FetchPostQuery.swift */ = {isa = PBXFileReference; lastKnownFileType = sourcecode.swift; path = FetchPostQuery.swift; sourceTree = "<group>"; };
		48CD15F82C6F5B6800A7708B /* DetailPostingViewController.swift */ = {isa = PBXFileReference; lastKnownFileType = sourcecode.swift; path = DetailPostingViewController.swift; sourceTree = "<group>"; };
		48CD16082C709D9900A7708B /* MapViewModel.swift */ = {isa = PBXFileReference; lastKnownFileType = sourcecode.swift; path = MapViewModel.swift; sourceTree = "<group>"; };
		48CD160D2C70DBDE00A7708B /* DetailPostingView.swift */ = {isa = PBXFileReference; lastKnownFileType = sourcecode.swift; path = DetailPostingView.swift; sourceTree = "<group>"; };
		48CD160F2C70E3A000A7708B /* DetailPostingViewModel.swift */ = {isa = PBXFileReference; lastKnownFileType = sourcecode.swift; path = DetailPostingViewModel.swift; sourceTree = "<group>"; };
		48CD16112C70EFDC00A7708B /* DetailPostingCVCell.swift */ = {isa = PBXFileReference; lastKnownFileType = sourcecode.swift; path = DetailPostingCVCell.swift; sourceTree = "<group>"; };
		48CD16142C7193DD00A7708B /* String+.swift */ = {isa = PBXFileReference; lastKnownFileType = sourcecode.swift; path = "String+.swift"; sourceTree = "<group>"; };
		48CD16162C71958000A7708B /* UIView+.swift */ = {isa = PBXFileReference; lastKnownFileType = sourcecode.swift; path = "UIView+.swift"; sourceTree = "<group>"; };
		48CD16192C7198F800A7708B /* StoreViewController.swift */ = {isa = PBXFileReference; lastKnownFileType = sourcecode.swift; path = StoreViewController.swift; sourceTree = "<group>"; };
		48CD161B2C71B3F200A7708B /* CommentLabel.swift */ = {isa = PBXFileReference; lastKnownFileType = sourcecode.swift; path = CommentLabel.swift; sourceTree = "<group>"; };
		48CD161D2C71CF0400A7708B /* StoreView.swift */ = {isa = PBXFileReference; lastKnownFileType = sourcecode.swift; path = StoreView.swift; sourceTree = "<group>"; };
		48CD161F2C72048800A7708B /* StoreViewModel.swift */ = {isa = PBXFileReference; lastKnownFileType = sourcecode.swift; path = StoreViewModel.swift; sourceTree = "<group>"; };
		48CD162A2C73260D00A7708B /* StoreListViewController.swift */ = {isa = PBXFileReference; lastKnownFileType = sourcecode.swift; path = StoreListViewController.swift; sourceTree = "<group>"; };
		48CD162E2C733ED700A7708B /* StoreListTableViewCell.swift */ = {isa = PBXFileReference; lastKnownFileType = sourcecode.swift; path = StoreListTableViewCell.swift; sourceTree = "<group>"; };
		48CD16302C7341E400A7708B /* StoreListViewModel.swift */ = {isa = PBXFileReference; lastKnownFileType = sourcecode.swift; path = StoreListViewModel.swift; sourceTree = "<group>"; };
		48DF97672C736D28006D4BA8 /* CommentsQuery.swift */ = {isa = PBXFileReference; lastKnownFileType = sourcecode.swift; path = CommentsQuery.swift; sourceTree = "<group>"; };
		48DF97692C738B83006D4BA8 /* SearchQuery.swift */ = {isa = PBXFileReference; lastKnownFileType = sourcecode.swift; path = SearchQuery.swift; sourceTree = "<group>"; };
		48DF976C2C749943006D4BA8 /* KingfisherManager+.swift */ = {isa = PBXFileReference; lastKnownFileType = sourcecode.swift; path = "KingfisherManager+.swift"; sourceTree = "<group>"; };
/* End PBXFileReference section */

/* Begin PBXFrameworksBuildPhase section */
		48CD15802C6CA23900A7708B /* Frameworks */ = {
			isa = PBXFrameworksBuildPhase;
			buildActionMask = 2147483647;
			files = (
				48CD15CB2C6CAF3900A7708B /* RxSwift in Frameworks */,
				48CD15C32C6CAF1300A7708B /* Kingfisher in Frameworks */,
				48CD15C62C6CAF2700A7708B /* IQKeyboardManagerSwift in Frameworks */,
				48CD15C92C6CAF3900A7708B /* RxCocoa in Frameworks */,
				48CD15FF2C6F96D300A7708B /* Differentiator in Frameworks */,
				48CD15BD2C6CAEF200A7708B /* SnapKit in Frameworks */,
				48CD16012C6F96D300A7708B /* RxDataSources in Frameworks */,
				48CD16062C704B2D00A7708B /* KakaoMapsSDK-SPM in Frameworks */,
				48CD15E72C6DAE7900A7708B /* Toast in Frameworks */,
				48CD15C02C6CAEFC00A7708B /* Alamofire in Frameworks */,
			);
			runOnlyForDeploymentPostprocessing = 0;
		};
/* End PBXFrameworksBuildPhase section */

/* Begin PBXGroup section */
		4857A8B42C79675900BC8F0D /* SelectStore */ = {
			isa = PBXGroup;
			children = (
				4857A8B22C79674E00BC8F0D /* SelectStoreViewController.swift */,
				4857A8B72C7978AD00BC8F0D /* SelectStoreViewModel.swift */,
				4857A8B52C79746600BC8F0D /* SelectStoreTableViewCell.swift */,
			);
			path = SelectStore;
			sourceTree = "<group>";
		};
		485BDF932C77716F006DE214 /* Profile */ = {
			isa = PBXGroup;
			children = (
				485BDF942C7771A5006DE214 /* ProfileViewController.swift */,
				485BDF962C777575006DE214 /* ProfileView.swift */,
				485BDF9C2C7828B0006DE214 /* ProfileViewModel.swift */,
				485BDF982C782780006DE214 /* EditProfileViewController.swift */,
				485BDF9A2C7827F1006DE214 /* EditPorfileView.swift */,
			);
			path = Profile;
			sourceTree = "<group>";
		};
		485BDF9E2C78435A006DE214 /* CreatePost */ = {
			isa = PBXGroup;
			children = (
				485BDF9F2C78437F006DE214 /* CreatePostViewController.swift */,
				485BDFA12C78438C006DE214 /* CreatePostView.swift */,
				485BDFA52C78812E006DE214 /* CreatePostViewModel.swift */,
			);
			path = CreatePost;
			sourceTree = "<group>";
		};
		48CD157A2C6CA23900A7708B = {
			isa = PBXGroup;
			children = (
				48CD159A2C6CA34900A7708B /* .gitignore */,
				48CD15852C6CA23900A7708B /* BrilliantCake */,
				48CD15842C6CA23900A7708B /* Products */,
			);
			sourceTree = "<group>";
		};
		48CD15842C6CA23900A7708B /* Products */ = {
			isa = PBXGroup;
			children = (
				48CD15832C6CA23900A7708B /* BrilliantCake.app */,
			);
			name = Products;
			sourceTree = "<group>";
		};
		48CD15852C6CA23900A7708B /* BrilliantCake */ = {
			isa = PBXGroup;
			children = (
				48CD16132C7193B400A7708B /* Extenstion */,
				48CD15E82C6DC07500A7708B /* Helpers */,
				48CD15CE2C6CB0A500A7708B /* Network */,
				48CD15B62C6CAE9B00A7708B /* Login */,
				48CD15B02C6CADA600A7708B /* SignUp */,
				485BDF932C77716F006DE214 /* Profile */,
				48CD15FA2C6F5DFA00A7708B /* Map */,
				48CD16292C7325D700A7708B /* StoreList */,
				48CD16182C7198DA00A7708B /* Store */,
				4857A8B42C79675900BC8F0D /* SelectStore */,
				485BDF9E2C78435A006DE214 /* CreatePost */,
				48CD15F72C6F5B5500A7708B /* DetailPosting */,
				48CD15A02C6CA9A800A7708B /* Browse */,
				48CD15A12C6CA9D900A7708B /* Base */,
				48DF976B2C738BC1006D4BA8 /* EncodingModel */,
				48CD15B32C6CAE0D00A7708B /* DecodingModel */,
				48CD159E2C6CA5DE00A7708B /* App */,
				48CD159F2C6CA5F000A7708B /* Resource */,
			);
			path = BrilliantCake;
			sourceTree = "<group>";
		};
		48CD159E2C6CA5DE00A7708B /* App */ = {
			isa = PBXGroup;
			children = (
				48CD15862C6CA23900A7708B /* AppDelegate.swift */,
				48CD15882C6CA23900A7708B /* SceneDelegate.swift */,
			);
			path = App;
			sourceTree = "<group>";
		};
		48CD159F2C6CA5F000A7708B /* Resource */ = {
			isa = PBXGroup;
			children = (
				48CD158F2C6CA23B00A7708B /* Assets.xcassets */,
				48CD15912C6CA23B00A7708B /* LaunchScreen.storyboard */,
				48CD15942C6CA23B00A7708B /* Info.plist */,
				48CD159C2C6CA4B200A7708B /* APIKey.swift */,
			);
			path = Resource;
			sourceTree = "<group>";
		};
		48CD15A02C6CA9A800A7708B /* Browse */ = {
			isa = PBXGroup;
			children = (
				48CD158A2C6CA23900A7708B /* BrowseViewController.swift */,
				48CD15ED2C6DCD5000A7708B /* BrowseCollectionViewCell.swift */,
				48CD15F12C6EDAE400A7708B /* BrowseViewModel.swift */,
			);
			path = Browse;
			sourceTree = "<group>";
		};
		48CD15A12C6CA9D900A7708B /* Base */ = {
			isa = PBXGroup;
			children = (
				48CD15F32C6EDB6400A7708B /* BaseViewModel.swift */,
				48CD15AA2C6CAAA000A7708B /* BaseViewController.swift */,
				48CD15AC2C6CAB0200A7708B /* BaseView.swift */,
				48CD15AE2C6CAB2400A7708B /* BaseCollectionVIewCell.swift */,
				48CD161B2C71B3F200A7708B /* CommentLabel.swift */,
				485BDF702C76275E006DE214 /* StoreMapInfoView.swift */,
			);
			path = Base;
			sourceTree = "<group>";
		};
		48CD15B02C6CADA600A7708B /* SignUp */ = {
			isa = PBXGroup;
			children = (
				48CD15B12C6CADC700A7708B /* SignUpViewController.swift */,
				48CD15CC2C6CB00000A7708B /* SignUpView.swift */,
			);
			path = SignUp;
			sourceTree = "<group>";
		};
		48CD15B32C6CAE0D00A7708B /* DecodingModel */ = {
			isa = PBXGroup;
			children = (
				48CD15D92C6CB44600A7708B /* LoginModel.swift */,
				48CD15E32C6DA86500A7708B /* SignUpModel.swift */,
				48CD15DB2C6CB46E00A7708B /* ProfileModel.swift */,
				48CD15DD2C6CB48500A7708B /* RefreshModel.swift */,
				48CD15DF2C6CB49600A7708B /* FilesModel.swift */,
				48CD15EF2C6DD0F200A7708B /* PostModel.swift */,
			);
			path = DecodingModel;
			sourceTree = "<group>";
		};
		48CD15B62C6CAE9B00A7708B /* Login */ = {
			isa = PBXGroup;
			children = (
				48CD15B72C6CAEAB00A7708B /* LoginViewController.swift */,
				48CD15B92C6CAEDC00A7708B /* LoginView.swift */,
			);
			path = Login;
			sourceTree = "<group>";
		};
		48CD15CE2C6CB0A500A7708B /* Network */ = {
			isa = PBXGroup;
			children = (
				48CD15CF2C6CB0CF00A7708B /* Header.swift */,
				485BDF462C74D735006DE214 /* UserRouter.swift */,
				485BDF482C74D8C6006DE214 /* PostRouter.swift */,
				48CD15D52C6CB36E00A7708B /* TargetType.swift */,
				485BDF442C74CD50006DE214 /* AuthInterceptor.swift */,
				48CD15E12C6CB4CC00A7708B /* PostNetworkManager.swift */,
				485BDF4A2C74E095006DE214 /* UserNetworkManager.swift */,
				4857A8B92C79B58000BC8F0D /* NetworkManager.swift */,
			);
			path = Network;
			sourceTree = "<group>";
		};
		48CD15E82C6DC07500A7708B /* Helpers */ = {
			isa = PBXGroup;
			children = (
				48CD15E92C6DC08E00A7708B /* Literal.swift */,
				48CD15EB2C6DC19C00A7708B /* TabBarController.swift */,
				48CD15D72C6CB3B900A7708B /* UserDefaultsManager.swift */,
				485BDF6E2C76143E006DE214 /* DesignSystem.swift */,
			);
			path = Helpers;
			sourceTree = "<group>";
		};
		48CD15F72C6F5B5500A7708B /* DetailPosting */ = {
			isa = PBXGroup;
			children = (
				48CD15F82C6F5B6800A7708B /* DetailPostingViewController.swift */,
				48CD160D2C70DBDE00A7708B /* DetailPostingView.swift */,
				48CD160F2C70E3A000A7708B /* DetailPostingViewModel.swift */,
				48CD16112C70EFDC00A7708B /* DetailPostingCVCell.swift */,
			);
			path = DetailPosting;
			sourceTree = "<group>";
		};
		48CD15FA2C6F5DFA00A7708B /* Map */ = {
			isa = PBXGroup;
			children = (
				485BDF6A2C75B6F9006DE214 /* LodPOISample.swift */,
				48CD16082C709D9900A7708B /* MapViewModel.swift */,
				485BDF662C75ADAC006DE214 /* MapViewController.swift */,
				485BDF682C75ADCC006DE214 /* StoreMapMarkerViewController.swift */,
			);
			path = Map;
			sourceTree = "<group>";
		};
		48CD16132C7193B400A7708B /* Extenstion */ = {
			isa = PBXGroup;
			children = (
				48CD16142C7193DD00A7708B /* String+.swift */,
				48CD16162C71958000A7708B /* UIView+.swift */,
				48DF976C2C749943006D4BA8 /* KingfisherManager+.swift */,
				485BDF422C749E8A006DE214 /* UIImageView+.swift */,
			);
			path = Extenstion;
			sourceTree = "<group>";
		};
		48CD16182C7198DA00A7708B /* Store */ = {
			isa = PBXGroup;
			children = (
				48CD16192C7198F800A7708B /* StoreViewController.swift */,
				48CD161D2C71CF0400A7708B /* StoreView.swift */,
				48CD161F2C72048800A7708B /* StoreViewModel.swift */,
			);
			path = Store;
			sourceTree = "<group>";
		};
		48CD16292C7325D700A7708B /* StoreList */ = {
			isa = PBXGroup;
			children = (
				48CD162A2C73260D00A7708B /* StoreListViewController.swift */,
				48CD162E2C733ED700A7708B /* StoreListTableViewCell.swift */,
				48CD16302C7341E400A7708B /* StoreListViewModel.swift */,
				4857A8BB2C7A0F6800BC8F0D /* LikedStoreListViewModel.swift */,
			);
			path = StoreList;
			sourceTree = "<group>";
		};
		48DF976B2C738BC1006D4BA8 /* EncodingModel */ = {
			isa = PBXGroup;
			children = (
				48CD15D32C6CB32F00A7708B /* LoginQuery.swift */,
				48CD15F52C6EDD8400A7708B /* FetchPostQuery.swift */,
				48DF97672C736D28006D4BA8 /* CommentsQuery.swift */,
				48DF97692C738B83006D4BA8 /* SearchQuery.swift */,
				485BDF912C772010006DE214 /* LikeQuery.swift */,
				485BDFA32C787C4B006DE214 /* CreatePostQuery.swift */,
			);
			path = EncodingModel;
			sourceTree = "<group>";
		};
/* End PBXGroup section */

/* Begin PBXNativeTarget section */
		48CD15822C6CA23900A7708B /* BrilliantCake */ = {
			isa = PBXNativeTarget;
			buildConfigurationList = 48CD15972C6CA23B00A7708B /* Build configuration list for PBXNativeTarget "BrilliantCake" */;
			buildPhases = (
				48CD157F2C6CA23900A7708B /* Sources */,
				48CD15802C6CA23900A7708B /* Frameworks */,
				48CD15812C6CA23900A7708B /* Resources */,
			);
			buildRules = (
			);
			dependencies = (
			);
			name = BrilliantCake;
			packageProductDependencies = (
				48CD15BC2C6CAEF200A7708B /* SnapKit */,
				48CD15BF2C6CAEFC00A7708B /* Alamofire */,
				48CD15C22C6CAF1300A7708B /* Kingfisher */,
				48CD15C52C6CAF2700A7708B /* IQKeyboardManagerSwift */,
				48CD15C82C6CAF3900A7708B /* RxCocoa */,
				48CD15CA2C6CAF3900A7708B /* RxSwift */,
				48CD15E62C6DAE7900A7708B /* Toast */,
				48CD15FE2C6F96D300A7708B /* Differentiator */,
				48CD16002C6F96D300A7708B /* RxDataSources */,
				48CD16052C704B2D00A7708B /* KakaoMapsSDK-SPM */,
			);
			productName = BrilliantCake;
			productReference = 48CD15832C6CA23900A7708B /* BrilliantCake.app */;
			productType = "com.apple.product-type.application";
		};
/* End PBXNativeTarget section */

/* Begin PBXProject section */
		48CD157B2C6CA23900A7708B /* Project object */ = {
			isa = PBXProject;
			attributes = {
				BuildIndependentTargetsInParallel = 1;
				LastSwiftUpdateCheck = 1530;
				LastUpgradeCheck = 1530;
				TargetAttributes = {
					48CD15822C6CA23900A7708B = {
						CreatedOnToolsVersion = 15.3;
					};
				};
			};
			buildConfigurationList = 48CD157E2C6CA23900A7708B /* Build configuration list for PBXProject "BrilliantCake" */;
			compatibilityVersion = "Xcode 14.0";
			developmentRegion = en;
			hasScannedForEncodings = 0;
			knownRegions = (
				en,
				Base,
			);
			mainGroup = 48CD157A2C6CA23900A7708B;
			packageReferences = (
				48CD15BB2C6CAEF200A7708B /* XCRemoteSwiftPackageReference "SnapKit" */,
				48CD15BE2C6CAEFC00A7708B /* XCRemoteSwiftPackageReference "Alamofire" */,
				48CD15C12C6CAF1300A7708B /* XCRemoteSwiftPackageReference "Kingfisher" */,
				48CD15C42C6CAF2700A7708B /* XCRemoteSwiftPackageReference "IQKeyboardManager" */,
				48CD15C72C6CAF3900A7708B /* XCRemoteSwiftPackageReference "RxSwift" */,
				48CD15E52C6DAE7900A7708B /* XCRemoteSwiftPackageReference "Toast-Swift" */,
				48CD15FD2C6F96D300A7708B /* XCRemoteSwiftPackageReference "RxDataSources" */,
				48CD16042C704B2D00A7708B /* XCRemoteSwiftPackageReference "KakaoMapsSDK-SPM" */,
			);
			productRefGroup = 48CD15842C6CA23900A7708B /* Products */;
			projectDirPath = "";
			projectRoot = "";
			targets = (
				48CD15822C6CA23900A7708B /* BrilliantCake */,
			);
		};
/* End PBXProject section */

/* Begin PBXResourcesBuildPhase section */
		48CD15812C6CA23900A7708B /* Resources */ = {
			isa = PBXResourcesBuildPhase;
			buildActionMask = 2147483647;
			files = (
				48CD15902C6CA23B00A7708B /* Assets.xcassets in Resources */,
				48CD159B2C6CA34900A7708B /* .gitignore in Resources */,
				48CD15932C6CA23B00A7708B /* Base in Resources */,
			);
			runOnlyForDeploymentPostprocessing = 0;
		};
/* End PBXResourcesBuildPhase section */

/* Begin PBXSourcesBuildPhase section */
		48CD157F2C6CA23900A7708B /* Sources */ = {
			isa = PBXSourcesBuildPhase;
			buildActionMask = 2147483647;
			files = (
				4857A8BA2C79B58000BC8F0D /* NetworkManager.swift in Sources */,
				48CD15D62C6CB36E00A7708B /* TargetType.swift in Sources */,
				4857A8BC2C7A0F6800BC8F0D /* LikedStoreListViewModel.swift in Sources */,
				48CD15EC2C6DC19C00A7708B /* TabBarController.swift in Sources */,
				48CD15F92C6F5B6800A7708B /* DetailPostingViewController.swift in Sources */,
				48CD15B82C6CAEAB00A7708B /* LoginViewController.swift in Sources */,
				48CD160E2C70DBDE00A7708B /* DetailPostingView.swift in Sources */,
				48CD16152C7193DD00A7708B /* String+.swift in Sources */,
				48CD15AF2C6CAB2400A7708B /* BaseCollectionVIewCell.swift in Sources */,
				48CD162B2C73260D00A7708B /* StoreListViewController.swift in Sources */,
				48CD15E22C6CB4CC00A7708B /* PostNetworkManager.swift in Sources */,
				485BDF952C7771A5006DE214 /* ProfileViewController.swift in Sources */,
				48CD15F02C6DD0F200A7708B /* PostModel.swift in Sources */,
				485BDF992C782780006DE214 /* EditProfileViewController.swift in Sources */,
				48CD16102C70E3A000A7708B /* DetailPostingViewModel.swift in Sources */,
				48CD15AB2C6CAAA000A7708B /* BaseViewController.swift in Sources */,
				4857A8B82C7978AD00BC8F0D /* SelectStoreViewModel.swift in Sources */,
				485BDF6B2C75B6F9006DE214 /* LodPOISample.swift in Sources */,
				48CD15B22C6CADC700A7708B /* SignUpViewController.swift in Sources */,
				48CD15D42C6CB32F00A7708B /* LoginQuery.swift in Sources */,
				48CD15D82C6CB3B900A7708B /* UserDefaultsManager.swift in Sources */,
				485BDF9D2C7828B0006DE214 /* ProfileViewModel.swift in Sources */,
				485BDF452C74CD50006DE214 /* AuthInterceptor.swift in Sources */,
				48CD162F2C733ED700A7708B /* StoreListTableViewCell.swift in Sources */,
				48CD15D02C6CB0CF00A7708B /* Header.swift in Sources */,
				48CD15EA2C6DC08E00A7708B /* Literal.swift in Sources */,
				485BDF9B2C7827F1006DE214 /* EditPorfileView.swift in Sources */,
				48CD16312C7341E400A7708B /* StoreListViewModel.swift in Sources */,
				48CD15DA2C6CB44600A7708B /* LoginModel.swift in Sources */,
				48DF97682C736D28006D4BA8 /* CommentsQuery.swift in Sources */,
				48CD15DC2C6CB46E00A7708B /* ProfileModel.swift in Sources */,
				48CD158B2C6CA23900A7708B /* BrowseViewController.swift in Sources */,
				48CD16092C709D9900A7708B /* MapViewModel.swift in Sources */,
				48CD16122C70EFDC00A7708B /* DetailPostingCVCell.swift in Sources */,
				485BDF712C76275F006DE214 /* StoreMapInfoView.swift in Sources */,
				48CD16202C72048800A7708B /* StoreViewModel.swift in Sources */,
				485BDF922C772010006DE214 /* LikeQuery.swift in Sources */,
				48CD15CD2C6CB00000A7708B /* SignUpView.swift in Sources */,
				48CD15872C6CA23900A7708B /* AppDelegate.swift in Sources */,
				48CD15F42C6EDB6400A7708B /* BaseViewModel.swift in Sources */,
				485BDFA42C787C4B006DE214 /* CreatePostQuery.swift in Sources */,
				4857A8B32C79674E00BC8F0D /* SelectStoreViewController.swift in Sources */,
				485BDF4B2C74E095006DE214 /* UserNetworkManager.swift in Sources */,
				48CD15AD2C6CAB0200A7708B /* BaseView.swift in Sources */,
				48CD159D2C6CA4B200A7708B /* APIKey.swift in Sources */,
				48CD15F22C6EDAE400A7708B /* BrowseViewModel.swift in Sources */,
				48CD15F62C6EDD8400A7708B /* FetchPostQuery.swift in Sources */,
				48DF976A2C738B83006D4BA8 /* SearchQuery.swift in Sources */,
				485BDF972C777575006DE214 /* ProfileView.swift in Sources */,
				4857A8B62C79746600BC8F0D /* SelectStoreTableViewCell.swift in Sources */,
				48CD15DE2C6CB48500A7708B /* RefreshModel.swift in Sources */,
				485BDF432C749E8A006DE214 /* UIImageView+.swift in Sources */,
				48CD15BA2C6CAEDC00A7708B /* LoginView.swift in Sources */,
				48CD161A2C7198F800A7708B /* StoreViewController.swift in Sources */,
				48DF976D2C749943006D4BA8 /* KingfisherManager+.swift in Sources */,
				48CD15892C6CA23900A7708B /* SceneDelegate.swift in Sources */,
				485BDFA22C78438C006DE214 /* CreatePostView.swift in Sources */,
				48CD15E42C6DA86500A7708B /* SignUpModel.swift in Sources */,
				48CD16172C71958000A7708B /* UIView+.swift in Sources */,
				48CD161E2C71CF0400A7708B /* StoreView.swift in Sources */,
				48CD161C2C71B3F200A7708B /* CommentLabel.swift in Sources */,
				485BDF672C75ADAC006DE214 /* MapViewController.swift in Sources */,
				485BDF492C74D8C6006DE214 /* PostRouter.swift in Sources */,
				48CD15EE2C6DCD5000A7708B /* BrowseCollectionViewCell.swift in Sources */,
				485BDF6F2C76143E006DE214 /* DesignSystem.swift in Sources */,
				485BDFA02C78437F006DE214 /* CreatePostViewController.swift in Sources */,
				48CD15E02C6CB49600A7708B /* FilesModel.swift in Sources */,
				485BDF692C75ADCC006DE214 /* StoreMapMarkerViewController.swift in Sources */,
				485BDFA62C78812E006DE214 /* CreatePostViewModel.swift in Sources */,
				485BDF472C74D735006DE214 /* UserRouter.swift in Sources */,
			);
			runOnlyForDeploymentPostprocessing = 0;
		};
/* End PBXSourcesBuildPhase section */

/* Begin PBXVariantGroup section */
		48CD15912C6CA23B00A7708B /* LaunchScreen.storyboard */ = {
			isa = PBXVariantGroup;
			children = (
				48CD15922C6CA23B00A7708B /* Base */,
			);
			name = LaunchScreen.storyboard;
			sourceTree = "<group>";
		};
/* End PBXVariantGroup section */

/* Begin XCBuildConfiguration section */
		48CD15952C6CA23B00A7708B /* Debug */ = {
			isa = XCBuildConfiguration;
			buildSettings = {
				ALWAYS_SEARCH_USER_PATHS = NO;
				ASSETCATALOG_COMPILER_GENERATE_SWIFT_ASSET_SYMBOL_EXTENSIONS = YES;
				CLANG_ANALYZER_NONNULL = YES;
				CLANG_ANALYZER_NUMBER_OBJECT_CONVERSION = YES_AGGRESSIVE;
				CLANG_CXX_LANGUAGE_STANDARD = "gnu++20";
				CLANG_ENABLE_MODULES = YES;
				CLANG_ENABLE_OBJC_ARC = YES;
				CLANG_ENABLE_OBJC_WEAK = YES;
				CLANG_WARN_BLOCK_CAPTURE_AUTORELEASING = YES;
				CLANG_WARN_BOOL_CONVERSION = YES;
				CLANG_WARN_COMMA = YES;
				CLANG_WARN_CONSTANT_CONVERSION = YES;
				CLANG_WARN_DEPRECATED_OBJC_IMPLEMENTATIONS = YES;
				CLANG_WARN_DIRECT_OBJC_ISA_USAGE = YES_ERROR;
				CLANG_WARN_DOCUMENTATION_COMMENTS = YES;
				CLANG_WARN_EMPTY_BODY = YES;
				CLANG_WARN_ENUM_CONVERSION = YES;
				CLANG_WARN_INFINITE_RECURSION = YES;
				CLANG_WARN_INT_CONVERSION = YES;
				CLANG_WARN_NON_LITERAL_NULL_CONVERSION = YES;
				CLANG_WARN_OBJC_IMPLICIT_RETAIN_SELF = YES;
				CLANG_WARN_OBJC_LITERAL_CONVERSION = YES;
				CLANG_WARN_OBJC_ROOT_CLASS = YES_ERROR;
				CLANG_WARN_QUOTED_INCLUDE_IN_FRAMEWORK_HEADER = YES;
				CLANG_WARN_RANGE_LOOP_ANALYSIS = YES;
				CLANG_WARN_STRICT_PROTOTYPES = YES;
				CLANG_WARN_SUSPICIOUS_MOVE = YES;
				CLANG_WARN_UNGUARDED_AVAILABILITY = YES_AGGRESSIVE;
				CLANG_WARN_UNREACHABLE_CODE = YES;
				CLANG_WARN__DUPLICATE_METHOD_MATCH = YES;
				COPY_PHASE_STRIP = NO;
				DEBUG_INFORMATION_FORMAT = dwarf;
				ENABLE_STRICT_OBJC_MSGSEND = YES;
				ENABLE_TESTABILITY = YES;
				ENABLE_USER_SCRIPT_SANDBOXING = YES;
				GCC_C_LANGUAGE_STANDARD = gnu17;
				GCC_DYNAMIC_NO_PIC = NO;
				GCC_NO_COMMON_BLOCKS = YES;
				GCC_OPTIMIZATION_LEVEL = 0;
				GCC_PREPROCESSOR_DEFINITIONS = (
					"DEBUG=1",
					"$(inherited)",
				);
				GCC_WARN_64_TO_32_BIT_CONVERSION = YES;
				GCC_WARN_ABOUT_RETURN_TYPE = YES_ERROR;
				GCC_WARN_UNDECLARED_SELECTOR = YES;
				GCC_WARN_UNINITIALIZED_AUTOS = YES_AGGRESSIVE;
				GCC_WARN_UNUSED_FUNCTION = YES;
				GCC_WARN_UNUSED_VARIABLE = YES;
				IPHONEOS_DEPLOYMENT_TARGET = 17.4;
				LOCALIZATION_PREFERS_STRING_CATALOGS = YES;
				MTL_ENABLE_DEBUG_INFO = INCLUDE_SOURCE;
				MTL_FAST_MATH = YES;
				ONLY_ACTIVE_ARCH = YES;
				SDKROOT = iphoneos;
				SWIFT_ACTIVE_COMPILATION_CONDITIONS = "DEBUG $(inherited)";
				SWIFT_OPTIMIZATION_LEVEL = "-Onone";
			};
			name = Debug;
		};
		48CD15962C6CA23B00A7708B /* Release */ = {
			isa = XCBuildConfiguration;
			buildSettings = {
				ALWAYS_SEARCH_USER_PATHS = NO;
				ASSETCATALOG_COMPILER_GENERATE_SWIFT_ASSET_SYMBOL_EXTENSIONS = YES;
				CLANG_ANALYZER_NONNULL = YES;
				CLANG_ANALYZER_NUMBER_OBJECT_CONVERSION = YES_AGGRESSIVE;
				CLANG_CXX_LANGUAGE_STANDARD = "gnu++20";
				CLANG_ENABLE_MODULES = YES;
				CLANG_ENABLE_OBJC_ARC = YES;
				CLANG_ENABLE_OBJC_WEAK = YES;
				CLANG_WARN_BLOCK_CAPTURE_AUTORELEASING = YES;
				CLANG_WARN_BOOL_CONVERSION = YES;
				CLANG_WARN_COMMA = YES;
				CLANG_WARN_CONSTANT_CONVERSION = YES;
				CLANG_WARN_DEPRECATED_OBJC_IMPLEMENTATIONS = YES;
				CLANG_WARN_DIRECT_OBJC_ISA_USAGE = YES_ERROR;
				CLANG_WARN_DOCUMENTATION_COMMENTS = YES;
				CLANG_WARN_EMPTY_BODY = YES;
				CLANG_WARN_ENUM_CONVERSION = YES;
				CLANG_WARN_INFINITE_RECURSION = YES;
				CLANG_WARN_INT_CONVERSION = YES;
				CLANG_WARN_NON_LITERAL_NULL_CONVERSION = YES;
				CLANG_WARN_OBJC_IMPLICIT_RETAIN_SELF = YES;
				CLANG_WARN_OBJC_LITERAL_CONVERSION = YES;
				CLANG_WARN_OBJC_ROOT_CLASS = YES_ERROR;
				CLANG_WARN_QUOTED_INCLUDE_IN_FRAMEWORK_HEADER = YES;
				CLANG_WARN_RANGE_LOOP_ANALYSIS = YES;
				CLANG_WARN_STRICT_PROTOTYPES = YES;
				CLANG_WARN_SUSPICIOUS_MOVE = YES;
				CLANG_WARN_UNGUARDED_AVAILABILITY = YES_AGGRESSIVE;
				CLANG_WARN_UNREACHABLE_CODE = YES;
				CLANG_WARN__DUPLICATE_METHOD_MATCH = YES;
				COPY_PHASE_STRIP = NO;
				DEBUG_INFORMATION_FORMAT = "dwarf-with-dsym";
				ENABLE_NS_ASSERTIONS = NO;
				ENABLE_STRICT_OBJC_MSGSEND = YES;
				ENABLE_USER_SCRIPT_SANDBOXING = YES;
				GCC_C_LANGUAGE_STANDARD = gnu17;
				GCC_NO_COMMON_BLOCKS = YES;
				GCC_WARN_64_TO_32_BIT_CONVERSION = YES;
				GCC_WARN_ABOUT_RETURN_TYPE = YES_ERROR;
				GCC_WARN_UNDECLARED_SELECTOR = YES;
				GCC_WARN_UNINITIALIZED_AUTOS = YES_AGGRESSIVE;
				GCC_WARN_UNUSED_FUNCTION = YES;
				GCC_WARN_UNUSED_VARIABLE = YES;
				IPHONEOS_DEPLOYMENT_TARGET = 17.4;
				LOCALIZATION_PREFERS_STRING_CATALOGS = YES;
				MTL_ENABLE_DEBUG_INFO = NO;
				MTL_FAST_MATH = YES;
				SDKROOT = iphoneos;
				SWIFT_COMPILATION_MODE = wholemodule;
				VALIDATE_PRODUCT = YES;
			};
			name = Release;
		};
		48CD15982C6CA23B00A7708B /* Debug */ = {
			isa = XCBuildConfiguration;
			buildSettings = {
				ASSETCATALOG_COMPILER_APPICON_NAME = AppIcon;
				ASSETCATALOG_COMPILER_GLOBAL_ACCENT_COLOR_NAME = AccentColor;
				CODE_SIGN_STYLE = Automatic;
				CURRENT_PROJECT_VERSION = 1;
				DEVELOPMENT_TEAM = U4HJYQP2ZD;
				GENERATE_INFOPLIST_FILE = YES;
				INFOPLIST_FILE = BrilliantCake/Resource/Info.plist;
				INFOPLIST_KEY_UIApplicationSupportsIndirectInputEvents = YES;
				INFOPLIST_KEY_UILaunchStoryboardName = LaunchScreen;
				INFOPLIST_KEY_UISupportedInterfaceOrientations = UIInterfaceOrientationPortrait;
				INFOPLIST_KEY_UISupportedInterfaceOrientations_iPad = UIInterfaceOrientationPortrait;
				IPHONEOS_DEPLOYMENT_TARGET = 15.0;
				LD_RUNPATH_SEARCH_PATHS = (
					"$(inherited)",
					"@executable_path/Frameworks",
				);
				MARKETING_VERSION = 1.0;
				PRODUCT_BUNDLE_IDENTIFIER = com.dahyun.BrilliantCake;
				PRODUCT_NAME = "$(TARGET_NAME)";
				SUPPORTED_PLATFORMS = "iphoneos iphonesimulator";
				SUPPORTS_MACCATALYST = NO;
				SUPPORTS_MAC_DESIGNED_FOR_IPHONE_IPAD = NO;
				SUPPORTS_XR_DESIGNED_FOR_IPHONE_IPAD = NO;
				SWIFT_EMIT_LOC_STRINGS = YES;
				SWIFT_OBJC_BRIDGING_HEADER = "";
				SWIFT_VERSION = 5.0;
				TARGETED_DEVICE_FAMILY = 1;
			};
			name = Debug;
		};
		48CD15992C6CA23B00A7708B /* Release */ = {
			isa = XCBuildConfiguration;
			buildSettings = {
				ASSETCATALOG_COMPILER_APPICON_NAME = AppIcon;
				ASSETCATALOG_COMPILER_GLOBAL_ACCENT_COLOR_NAME = AccentColor;
				CODE_SIGN_STYLE = Automatic;
				CURRENT_PROJECT_VERSION = 1;
				DEVELOPMENT_TEAM = U4HJYQP2ZD;
				GENERATE_INFOPLIST_FILE = YES;
				INFOPLIST_FILE = BrilliantCake/Resource/Info.plist;
				INFOPLIST_KEY_UIApplicationSupportsIndirectInputEvents = YES;
				INFOPLIST_KEY_UILaunchStoryboardName = LaunchScreen;
				INFOPLIST_KEY_UISupportedInterfaceOrientations = UIInterfaceOrientationPortrait;
				INFOPLIST_KEY_UISupportedInterfaceOrientations_iPad = UIInterfaceOrientationPortrait;
				IPHONEOS_DEPLOYMENT_TARGET = 15.0;
				LD_RUNPATH_SEARCH_PATHS = (
					"$(inherited)",
					"@executable_path/Frameworks",
				);
				MARKETING_VERSION = 1.0;
				PRODUCT_BUNDLE_IDENTIFIER = com.dahyun.BrilliantCake;
				PRODUCT_NAME = "$(TARGET_NAME)";
				SUPPORTED_PLATFORMS = "iphoneos iphonesimulator";
				SUPPORTS_MACCATALYST = NO;
				SUPPORTS_MAC_DESIGNED_FOR_IPHONE_IPAD = NO;
				SUPPORTS_XR_DESIGNED_FOR_IPHONE_IPAD = NO;
				SWIFT_EMIT_LOC_STRINGS = YES;
				SWIFT_OBJC_BRIDGING_HEADER = "";
				SWIFT_VERSION = 5.0;
				TARGETED_DEVICE_FAMILY = 1;
			};
			name = Release;
		};
/* End XCBuildConfiguration section */

/* Begin XCConfigurationList section */
		48CD157E2C6CA23900A7708B /* Build configuration list for PBXProject "BrilliantCake" */ = {
			isa = XCConfigurationList;
			buildConfigurations = (
				48CD15952C6CA23B00A7708B /* Debug */,
				48CD15962C6CA23B00A7708B /* Release */,
			);
			defaultConfigurationIsVisible = 0;
			defaultConfigurationName = Release;
		};
		48CD15972C6CA23B00A7708B /* Build configuration list for PBXNativeTarget "BrilliantCake" */ = {
			isa = XCConfigurationList;
			buildConfigurations = (
				48CD15982C6CA23B00A7708B /* Debug */,
				48CD15992C6CA23B00A7708B /* Release */,
			);
			defaultConfigurationIsVisible = 0;
			defaultConfigurationName = Release;
		};
/* End XCConfigurationList section */

/* Begin XCRemoteSwiftPackageReference section */
		48CD15BB2C6CAEF200A7708B /* XCRemoteSwiftPackageReference "SnapKit" */ = {
			isa = XCRemoteSwiftPackageReference;
			repositoryURL = "https://github.com/SnapKit/SnapKit.git";
			requirement = {
				kind = upToNextMajorVersion;
				minimumVersion = 5.7.1;
			};
		};
		48CD15BE2C6CAEFC00A7708B /* XCRemoteSwiftPackageReference "Alamofire" */ = {
			isa = XCRemoteSwiftPackageReference;
			repositoryURL = "https://github.com/Alamofire/Alamofire.git";
			requirement = {
				kind = upToNextMajorVersion;
				minimumVersion = 5.9.1;
			};
		};
		48CD15C12C6CAF1300A7708B /* XCRemoteSwiftPackageReference "Kingfisher" */ = {
			isa = XCRemoteSwiftPackageReference;
			repositoryURL = "https://github.com/onevcat/Kingfisher.git";
			requirement = {
				kind = upToNextMajorVersion;
				minimumVersion = 7.12.0;
			};
		};
		48CD15C42C6CAF2700A7708B /* XCRemoteSwiftPackageReference "IQKeyboardManager" */ = {
			isa = XCRemoteSwiftPackageReference;
			repositoryURL = "https://github.com/hackiftekhar/IQKeyboardManager.git";
			requirement = {
				kind = upToNextMajorVersion;
				minimumVersion = 7.1.1;
			};
		};
		48CD15C72C6CAF3900A7708B /* XCRemoteSwiftPackageReference "RxSwift" */ = {
			isa = XCRemoteSwiftPackageReference;
			repositoryURL = "https://github.com/ReactiveX/RxSwift.git";
			requirement = {
				kind = upToNextMajorVersion;
				minimumVersion = 6.7.1;
			};
		};
		48CD15E52C6DAE7900A7708B /* XCRemoteSwiftPackageReference "Toast-Swift" */ = {
			isa = XCRemoteSwiftPackageReference;
			repositoryURL = "https://github.com/scalessec/Toast-Swift.git";
			requirement = {
				kind = upToNextMajorVersion;
				minimumVersion = 5.1.1;
			};
		};
		48CD15FD2C6F96D300A7708B /* XCRemoteSwiftPackageReference "RxDataSources" */ = {
			isa = XCRemoteSwiftPackageReference;
			repositoryURL = "https://github.com/RxSwiftCommunity/RxDataSources.git";
			requirement = {
				kind = upToNextMajorVersion;
				minimumVersion = 5.0.2;
			};
		};
		48CD16042C704B2D00A7708B /* XCRemoteSwiftPackageReference "KakaoMapsSDK-SPM" */ = {
			isa = XCRemoteSwiftPackageReference;
			repositoryURL = "https://github.com/kakao-mapsSDK/KakaoMapsSDK-SPM.git";
			requirement = {
				kind = upToNextMajorVersion;
				minimumVersion = 2.10.5;
			};
		};
/* End XCRemoteSwiftPackageReference section */

/* Begin XCSwiftPackageProductDependency section */
		48CD15BC2C6CAEF200A7708B /* SnapKit */ = {
			isa = XCSwiftPackageProductDependency;
			package = 48CD15BB2C6CAEF200A7708B /* XCRemoteSwiftPackageReference "SnapKit" */;
			productName = SnapKit;
		};
		48CD15BF2C6CAEFC00A7708B /* Alamofire */ = {
			isa = XCSwiftPackageProductDependency;
			package = 48CD15BE2C6CAEFC00A7708B /* XCRemoteSwiftPackageReference "Alamofire" */;
			productName = Alamofire;
		};
		48CD15C22C6CAF1300A7708B /* Kingfisher */ = {
			isa = XCSwiftPackageProductDependency;
			package = 48CD15C12C6CAF1300A7708B /* XCRemoteSwiftPackageReference "Kingfisher" */;
			productName = Kingfisher;
		};
		48CD15C52C6CAF2700A7708B /* IQKeyboardManagerSwift */ = {
			isa = XCSwiftPackageProductDependency;
			package = 48CD15C42C6CAF2700A7708B /* XCRemoteSwiftPackageReference "IQKeyboardManager" */;
			productName = IQKeyboardManagerSwift;
		};
		48CD15C82C6CAF3900A7708B /* RxCocoa */ = {
			isa = XCSwiftPackageProductDependency;
			package = 48CD15C72C6CAF3900A7708B /* XCRemoteSwiftPackageReference "RxSwift" */;
			productName = RxCocoa;
		};
		48CD15CA2C6CAF3900A7708B /* RxSwift */ = {
			isa = XCSwiftPackageProductDependency;
			package = 48CD15C72C6CAF3900A7708B /* XCRemoteSwiftPackageReference "RxSwift" */;
			productName = RxSwift;
		};
		48CD15E62C6DAE7900A7708B /* Toast */ = {
			isa = XCSwiftPackageProductDependency;
			package = 48CD15E52C6DAE7900A7708B /* XCRemoteSwiftPackageReference "Toast-Swift" */;
			productName = Toast;
		};
		48CD15FE2C6F96D300A7708B /* Differentiator */ = {
			isa = XCSwiftPackageProductDependency;
			package = 48CD15FD2C6F96D300A7708B /* XCRemoteSwiftPackageReference "RxDataSources" */;
			productName = Differentiator;
		};
		48CD16002C6F96D300A7708B /* RxDataSources */ = {
			isa = XCSwiftPackageProductDependency;
			package = 48CD15FD2C6F96D300A7708B /* XCRemoteSwiftPackageReference "RxDataSources" */;
			productName = RxDataSources;
		};
		48CD16052C704B2D00A7708B /* KakaoMapsSDK-SPM */ = {
			isa = XCSwiftPackageProductDependency;
			package = 48CD16042C704B2D00A7708B /* XCRemoteSwiftPackageReference "KakaoMapsSDK-SPM" */;
			productName = "KakaoMapsSDK-SPM";
		};
/* End XCSwiftPackageProductDependency section */
	};
	rootObject = 48CD157B2C6CA23900A7708B /* Project object */;
}
